
Microsoft Visual Studio Solution File, Format Version 12.00
# Visual Studio 15
VisualStudioVersion = 15.0.28307.852
MinimumVisualStudioVersion = 10.0.40219.1
Project("{FAE04EC0-301F-11D3-BF4B-00C04F79EFBC}") = "digtalClock", "digtalClock\digtalClock.csproj", "{19B989F4-4F67-48B7-BF1F-37D585995ECA}"
EndProject
Global
	GlobalSection(SolutionConfigurationPlatforms) = preSolution
		Debug|Any CPU = Debug|Any CPU
		Release|Any CPU = Release|Any CPU
	EndGlobalSection
	GlobalSection(ProjectConfigurationPlatforms) = postSolution
		{19B989F4-4F67-48B7-BF1F-37D585995ECA}.Debug|Any CPU.ActiveCfg = Debug|Any CPU
		{19B989F4-4F67-48B7-BF1F-37D585995ECA}.Debug|Any CPU.Build.0 = Debug|Any CPU
		{19B989F4-4F67-48B7-BF1F-37D585995ECA}.Release|Any CPU.ActiveCfg = Release|Any CPU
		{19B989F4-4F67-48B7-BF1F-37D585995ECA}.Release|Any CPU.Build.0 = Release|Any CPU
	EndGlobalSection
	GlobalSection(SolutionProperties) = preSolution
		HideSolutionNode = FALSE
	EndGlobalSection
	GlobalSection(ExtensibilityGlobals) = postSolution
		SolutionGuid = {55F7B151-2199-4AE3-AD1C-1096B58B1935}
	EndGlobalSection
EndGlobal
